// !$*UTF8*$!
{
	archiveVersion = 1;
	classes = {
	};
	objectVersion = 56;
	objects = {

/* Begin PBXBuildFile section */
		1D41349C2D888C9F008A0A05 /* GameCategory.swift in Sources */ = {isa = PBXBuildFile; fileRef = 1D41349B2D888C9F008A0A05 /* GameCategory.swift */; };
		B7172B212D897CE400727D2C /* Session.swift in Sources */ = {isa = PBXBuildFile; fileRef = B7172B202D897CE400727D2C /* Session.swift */; };
		B7172B242D897DED00727D2C /* SessionViewModel.swift in Sources */ = {isa = PBXBuildFile; fileRef = B7172B232D897DED00727D2C /* SessionViewModel.swift */; };
		B7172B262D897E0D00727D2C /* SessionsListView.swift in Sources */ = {isa = PBXBuildFile; fileRef = B7172B252D897E0D00727D2C /* SessionsListView.swift */; };
		B7172B282D897E1D00727D2C /* CreateSessionView.swift in Sources */ = {isa = PBXBuildFile; fileRef = B7172B272D897E1D00727D2C /* CreateSessionView.swift */; };
		B7172B2A2D897E2A00727D2C /* UpdateSessionView.swift in Sources */ = {isa = PBXBuildFile; fileRef = B7172B292D897E2A00727D2C /* UpdateSessionView.swift */; };
		B719CBDD2D81A85F002E4579 /* app_ios_awiApp.swift in Sources */ = {isa = PBXBuildFile; fileRef = B719CBDC2D81A85F002E4579 /* app_ios_awiApp.swift */; };
		B719CBE12D81A861002E4579 /* Assets.xcassets in Resources */ = {isa = PBXBuildFile; fileRef = B719CBE02D81A861002E4579 /* Assets.xcassets */; };
		B719CBE42D81A861002E4579 /* Preview Assets.xcassets in Resources */ = {isa = PBXBuildFile; fileRef = B719CBE32D81A861002E4579 /* Preview Assets.xcassets */; };
		B73A35B12D88ACCD00F0F3BD /* Seller.swift in Sources */ = {isa = PBXBuildFile; fileRef = B73A35B02D88ACCD00F0F3BD /* Seller.swift */; };
		B73A35B32D88ACD800F0F3BD /* Client.swift in Sources */ = {isa = PBXBuildFile; fileRef = B73A35B22D88ACD800F0F3BD /* Client.swift */; };
		B73A35B52D88AEDC00F0F3BD /* ClientViewModel.swift in Sources */ = {isa = PBXBuildFile; fileRef = B73A35B42D88AEDC00F0F3BD /* ClientViewModel.swift */; };
		B73A35B72D88AF8C00F0F3BD /* ClientsListView.swift in Sources */ = {isa = PBXBuildFile; fileRef = B73A35B62D88AF8C00F0F3BD /* ClientsListView.swift */; };
		B73A35B92D88AFA100F0F3BD /* CreateClientView.swift in Sources */ = {isa = PBXBuildFile; fileRef = B73A35B82D88AFA100F0F3BD /* CreateClientView.swift */; };
		B73A35BB2D88AFAD00F0F3BD /* UpdateClientView.swift in Sources */ = {isa = PBXBuildFile; fileRef = B73A35BA2D88AFAD00F0F3BD /* UpdateClientView.swift */; };
		B73A35BD2D88B41C00F0F3BD /* SellerViewModel.swift in Sources */ = {isa = PBXBuildFile; fileRef = B73A35BC2D88B41C00F0F3BD /* SellerViewModel.swift */; };
		B73A35BF2D88B43300F0F3BD /* SellersListView.swift in Sources */ = {isa = PBXBuildFile; fileRef = B73A35BE2D88B43300F0F3BD /* SellersListView.swift */; };
		B73A35C12D88B44300F0F3BD /* CreateSellerView.swift in Sources */ = {isa = PBXBuildFile; fileRef = B73A35C02D88B44300F0F3BD /* CreateSellerView.swift */; };
		B73A35C32D88B44E00F0F3BD /* UpdateSellerView.swift in Sources */ = {isa = PBXBuildFile; fileRef = B73A35C22D88B44E00F0F3BD /* UpdateSellerView.swift */; };
		B73A35C52D88B47300F0F3BD /* CreateManagerView.swift in Sources */ = {isa = PBXBuildFile; fileRef = B73A35C42D88B47300F0F3BD /* CreateManagerView.swift */; };
		B73A35C72D88B48400F0F3BD /* UpdateManagerView.swift in Sources */ = {isa = PBXBuildFile; fileRef = B73A35C62D88B48400F0F3BD /* UpdateManagerView.swift */; };
		B73A35C92D88B49200F0F3BD /* ManagersListView.swift in Sources */ = {isa = PBXBuildFile; fileRef = B73A35C82D88B49200F0F3BD /* ManagersListView.swift */; };
		B75680402D8826D700A72D43 /* DepositedGame.swift in Sources */ = {isa = PBXBuildFile; fileRef = B756803F2D8826D700A72D43 /* DepositedGame.swift */; };
		B75680442D88272600A72D43 /* HomeViewModel.swift in Sources */ = {isa = PBXBuildFile; fileRef = B75680432D88272600A72D43 /* HomeViewModel.swift */; };
		B75680472D88278300A72D43 /* HomeView.swift in Sources */ = {isa = PBXBuildFile; fileRef = B75680462D88278300A72D43 /* HomeView.swift */; };
		B756804D2D8834E300A72D43 /* LoginView.swift in Sources */ = {isa = PBXBuildFile; fileRef = B756804C2D8834E300A72D43 /* LoginView.swift */; };
		B75680522D88353C00A72D43 /* TabBarView.swift in Sources */ = {isa = PBXBuildFile; fileRef = B75680512D88353C00A72D43 /* TabBarView.swift */; };
		B75680542D8838C000A72D43 /* LoginViewModel.swift in Sources */ = {isa = PBXBuildFile; fileRef = B75680532D8838C000A72D43 /* LoginViewModel.swift */; };
		B76988D92D89617200D0712C /* GameViewModel.swift in Sources */ = {isa = PBXBuildFile; fileRef = B76988D82D89617200D0712C /* GameViewModel.swift */; };
		B76988DB2D89618100D0712C /* GameEditorViewModel.swift in Sources */ = {isa = PBXBuildFile; fileRef = B76988DA2D89618100D0712C /* GameEditorViewModel.swift */; };
		B76988DD2D89619A00D0712C /* GameCategoryViewModel.swift in Sources */ = {isa = PBXBuildFile; fileRef = B76988DC2D89619A00D0712C /* GameCategoryViewModel.swift */; };
		B76988DF2D8961A900D0712C /* Game.swift in Sources */ = {isa = PBXBuildFile; fileRef = B76988DE2D8961A900D0712C /* Game.swift */; };
		B76988E12D8961B400D0712C /* GameEditor.swift in Sources */ = {isa = PBXBuildFile; fileRef = B76988E02D8961B400D0712C /* GameEditor.swift */; };
		B76988E32D89623600D0712C /* GameEditorsListView.swift in Sources */ = {isa = PBXBuildFile; fileRef = B76988E22D89623600D0712C /* GameEditorsListView.swift */; };
		B76988E52D89624700D0712C /* GameCategoriesListView.swift in Sources */ = {isa = PBXBuildFile; fileRef = B76988E42D89624700D0712C /* GameCategoriesListView.swift */; };
		B782650D2D85CD20008D79E5 /* Helpers.swift in Sources */ = {isa = PBXBuildFile; fileRef = B782650C2D85CD20008D79E5 /* Helpers.swift */; };
		B78265122D85CD90008D79E5 /* ManagerViewModel.swift in Sources */ = {isa = PBXBuildFile; fileRef = B78265112D85CD8F008D79E5 /* ManagerViewModel.swift */; };
		B78265162D85CDCD008D79E5 /* ManagerDTO.swift in Sources */ = {isa = PBXBuildFile; fileRef = B78265152D85CDCD008D79E5 /* ManagerDTO.swift */; };
		B78265182D85CDD6008D79E5 /* Manager.swift in Sources */ = {isa = PBXBuildFile; fileRef = B78265172D85CDD6008D79E5 /* Manager.swift */; };
		B7BEEF4A2D89632C00916560 /* GamesListView.swift in Sources */ = {isa = PBXBuildFile; fileRef = B7BEEF492D89632C00916560 /* GamesListView.swift */; };
		B7BEEF4E2D89636400916560 /* CreateGameCategoryView.swift in Sources */ = {isa = PBXBuildFile; fileRef = B7BEEF4D2D89636400916560 /* CreateGameCategoryView.swift */; };
		B7BEEF502D89637100916560 /* CreateGameView.swift in Sources */ = {isa = PBXBuildFile; fileRef = B7BEEF4F2D89637100916560 /* CreateGameView.swift */; };
		B7BEEF522D89638500916560 /* CreateGameEditorView.swift in Sources */ = {isa = PBXBuildFile; fileRef = B7BEEF512D89638500916560 /* CreateGameEditorView.swift */; };
		B7BEEF542D89639A00916560 /* UpdateGameEditorView.swift in Sources */ = {isa = PBXBuildFile; fileRef = B7BEEF532D89639A00916560 /* UpdateGameEditorView.swift */; };
		B7BEEF562D8963B000916560 /* UpdateGameCategoryView.swift in Sources */ = {isa = PBXBuildFile; fileRef = B7BEEF552D8963B000916560 /* UpdateGameCategoryView.swift */; };
		B7BEEF582D8963F100916560 /* UpdateGameView.swift in Sources */ = {isa = PBXBuildFile; fileRef = B7BEEF572D8963F100916560 /* UpdateGameView.swift */; };
		B7D8EBD42D899A8A00A54F6C /* DepositViewModel.swift in Sources */ = {isa = PBXBuildFile; fileRef = B7D8EBD32D899A8A00A54F6C /* DepositViewModel.swift */; };
		B7D8EBD62D899A9800A54F6C /* SaleViewModel.swift in Sources */ = {isa = PBXBuildFile; fileRef = B7D8EBD52D899A9800A54F6C /* SaleViewModel.swift */; };
		B7D8EBD82D899AA800A54F6C /* WithdrawalViewModel.swift in Sources */ = {isa = PBXBuildFile; fileRef = B7D8EBD72D899AA800A54F6C /* WithdrawalViewModel.swift */; };
		B7D8EBDA2D899ACB00A54F6C /* BalanceViewModel.swift in Sources */ = {isa = PBXBuildFile; fileRef = B7D8EBD92D899ACB00A54F6C /* BalanceViewModel.swift */; };
		B7D8EBDC2D899B0200A54F6C /* Deposit.swift in Sources */ = {isa = PBXBuildFile; fileRef = B7D8EBDB2D899B0200A54F6C /* Deposit.swift */; };
		B7D8EBDE2D899B0900A54F6C /* Sale.swift in Sources */ = {isa = PBXBuildFile; fileRef = B7D8EBDD2D899B0900A54F6C /* Sale.swift */; };
		B7D8EBE02D899B1200A54F6C /* Withdrawal.swift in Sources */ = {isa = PBXBuildFile; fileRef = B7D8EBDF2D899B1200A54F6C /* Withdrawal.swift */; };
		B7D8EBE82D899B6F00A54F6C /* BalanceView.swift in Sources */ = {isa = PBXBuildFile; fileRef = B7D8EBE72D899B6F00A54F6C /* BalanceView.swift */; };
		B7D8EBFC2D899C7900A54F6C /* UpdateDepositView.swift in Sources */ = {isa = PBXBuildFile; fileRef = B7D8EBFB2D899C7900A54F6C /* UpdateDepositView.swift */; };
		B7D8EBFE2D899C8500A54F6C /* UpdateWithdrawalView.swift in Sources */ = {isa = PBXBuildFile; fileRef = B7D8EBFD2D899C8500A54F6C /* UpdateWithdrawalView.swift */; };
		B7D8EC002D899C9200A54F6C /* UpdateSaleView.swift in Sources */ = {isa = PBXBuildFile; fileRef = B7D8EBFF2D899C9200A54F6C /* UpdateSaleView.swift */; };
		B7D8EC022D899CA300A54F6C /* CreateDepositView.swift in Sources */ = {isa = PBXBuildFile; fileRef = B7D8EC012D899CA300A54F6C /* CreateDepositView.swift */; };
		B7D8EC042D899CB200A54F6C /* CreateWithdrawalView.swift in Sources */ = {isa = PBXBuildFile; fileRef = B7D8EC032D899CB200A54F6C /* CreateWithdrawalView.swift */; };
		B7D8EC062D899CBD00A54F6C /* CreateSaleView.swift in Sources */ = {isa = PBXBuildFile; fileRef = B7D8EC052D899CBD00A54F6C /* CreateSaleView.swift */; };
		B7D8EC082D899CCE00A54F6C /* DepositsListView.swift in Sources */ = {isa = PBXBuildFile; fileRef = B7D8EC072D899CCE00A54F6C /* DepositsListView.swift */; };
		B7D8EC0A2D899CDD00A54F6C /* WithdrawalsListView.swift in Sources */ = {isa = PBXBuildFile; fileRef = B7D8EC092D899CDD00A54F6C /* WithdrawalsListView.swift */; };
		B7D8EC0C2D899CE900A54F6C /* SalesListView.swift in Sources */ = {isa = PBXBuildFile; fileRef = B7D8EC0B2D899CE900A54F6C /* SalesListView.swift */; };
/* End PBXBuildFile section */

/* Begin PBXFileReference section */
		1D41349B2D888C9F008A0A05 /* GameCategory.swift */ = {isa = PBXFileReference; lastKnownFileType = sourcecode.swift; path = GameCategory.swift; sourceTree = "<group>"; };
		B7172B202D897CE400727D2C /* Session.swift */ = {isa = PBXFileReference; lastKnownFileType = sourcecode.swift; name = Session.swift; path = ../../../../../Session.swift; sourceTree = "<group>"; };
		B7172B232D897DED00727D2C /* SessionViewModel.swift */ = {isa = PBXFileReference; lastKnownFileType = sourcecode.swift; path = SessionViewModel.swift; sourceTree = "<group>"; };
		B7172B252D897E0D00727D2C /* SessionsListView.swift */ = {isa = PBXFileReference; lastKnownFileType = sourcecode.swift; path = SessionsListView.swift; sourceTree = "<group>"; };
		B7172B272D897E1D00727D2C /* CreateSessionView.swift */ = {isa = PBXFileReference; lastKnownFileType = sourcecode.swift; path = CreateSessionView.swift; sourceTree = "<group>"; };
		B7172B292D897E2A00727D2C /* UpdateSessionView.swift */ = {isa = PBXFileReference; lastKnownFileType = sourcecode.swift; path = UpdateSessionView.swift; sourceTree = "<group>"; };
		B719CBD92D81A85F002E4579 /* app-ios-awi.app */ = {isa = PBXFileReference; explicitFileType = wrapper.application; includeInIndex = 0; path = "app-ios-awi.app"; sourceTree = BUILT_PRODUCTS_DIR; };
		B719CBDC2D81A85F002E4579 /* app_ios_awiApp.swift */ = {isa = PBXFileReference; lastKnownFileType = sourcecode.swift; path = app_ios_awiApp.swift; sourceTree = "<group>"; };
		B719CBE02D81A861002E4579 /* Assets.xcassets */ = {isa = PBXFileReference; lastKnownFileType = folder.assetcatalog; path = Assets.xcassets; sourceTree = "<group>"; };
		B719CBE32D81A861002E4579 /* Preview Assets.xcassets */ = {isa = PBXFileReference; lastKnownFileType = folder.assetcatalog; path = "Preview Assets.xcassets"; sourceTree = "<group>"; };
		B73A35B02D88ACCD00F0F3BD /* Seller.swift */ = {isa = PBXFileReference; lastKnownFileType = sourcecode.swift; path = Seller.swift; sourceTree = "<group>"; };
		B73A35B22D88ACD800F0F3BD /* Client.swift */ = {isa = PBXFileReference; lastKnownFileType = sourcecode.swift; path = Client.swift; sourceTree = "<group>"; };
		B73A35B42D88AEDC00F0F3BD /* ClientViewModel.swift */ = {isa = PBXFileReference; lastKnownFileType = sourcecode.swift; path = ClientViewModel.swift; sourceTree = "<group>"; };
		B73A35B62D88AF8C00F0F3BD /* ClientsListView.swift */ = {isa = PBXFileReference; lastKnownFileType = sourcecode.swift; path = ClientsListView.swift; sourceTree = "<group>"; };
		B73A35B82D88AFA100F0F3BD /* CreateClientView.swift */ = {isa = PBXFileReference; lastKnownFileType = sourcecode.swift; path = CreateClientView.swift; sourceTree = "<group>"; };
		B73A35BA2D88AFAD00F0F3BD /* UpdateClientView.swift */ = {isa = PBXFileReference; lastKnownFileType = sourcecode.swift; path = UpdateClientView.swift; sourceTree = "<group>"; };
		B73A35BC2D88B41C00F0F3BD /* SellerViewModel.swift */ = {isa = PBXFileReference; lastKnownFileType = sourcecode.swift; path = SellerViewModel.swift; sourceTree = "<group>"; };
		B73A35BE2D88B43300F0F3BD /* SellersListView.swift */ = {isa = PBXFileReference; lastKnownFileType = sourcecode.swift; path = SellersListView.swift; sourceTree = "<group>"; };
		B73A35C02D88B44300F0F3BD /* CreateSellerView.swift */ = {isa = PBXFileReference; lastKnownFileType = sourcecode.swift; path = CreateSellerView.swift; sourceTree = "<group>"; };
		B73A35C22D88B44E00F0F3BD /* UpdateSellerView.swift */ = {isa = PBXFileReference; lastKnownFileType = sourcecode.swift; path = UpdateSellerView.swift; sourceTree = "<group>"; };
		B73A35C42D88B47300F0F3BD /* CreateManagerView.swift */ = {isa = PBXFileReference; lastKnownFileType = sourcecode.swift; path = CreateManagerView.swift; sourceTree = "<group>"; };
		B73A35C62D88B48400F0F3BD /* UpdateManagerView.swift */ = {isa = PBXFileReference; lastKnownFileType = sourcecode.swift; path = UpdateManagerView.swift; sourceTree = "<group>"; };
		B73A35C82D88B49200F0F3BD /* ManagersListView.swift */ = {isa = PBXFileReference; lastKnownFileType = sourcecode.swift; path = ManagersListView.swift; sourceTree = "<group>"; };
		B756803F2D8826D700A72D43 /* DepositedGame.swift */ = {isa = PBXFileReference; lastKnownFileType = sourcecode.swift; path = DepositedGame.swift; sourceTree = "<group>"; };
		B75680432D88272600A72D43 /* HomeViewModel.swift */ = {isa = PBXFileReference; lastKnownFileType = sourcecode.swift; path = HomeViewModel.swift; sourceTree = "<group>"; };
		B75680462D88278300A72D43 /* HomeView.swift */ = {isa = PBXFileReference; lastKnownFileType = sourcecode.swift; path = HomeView.swift; sourceTree = "<group>"; };
		B756804C2D8834E300A72D43 /* LoginView.swift */ = {isa = PBXFileReference; lastKnownFileType = sourcecode.swift; path = LoginView.swift; sourceTree = "<group>"; };
		B75680512D88353C00A72D43 /* TabBarView.swift */ = {isa = PBXFileReference; lastKnownFileType = sourcecode.swift; path = TabBarView.swift; sourceTree = "<group>"; };
		B75680532D8838C000A72D43 /* LoginViewModel.swift */ = {isa = PBXFileReference; lastKnownFileType = sourcecode.swift; path = LoginViewModel.swift; sourceTree = "<group>"; };
		B76988D82D89617200D0712C /* GameViewModel.swift */ = {isa = PBXFileReference; lastKnownFileType = sourcecode.swift; path = GameViewModel.swift; sourceTree = "<group>"; };
		B76988DA2D89618100D0712C /* GameEditorViewModel.swift */ = {isa = PBXFileReference; lastKnownFileType = sourcecode.swift; path = GameEditorViewModel.swift; sourceTree = "<group>"; };
		B76988DC2D89619A00D0712C /* GameCategoryViewModel.swift */ = {isa = PBXFileReference; lastKnownFileType = sourcecode.swift; path = GameCategoryViewModel.swift; sourceTree = "<group>"; };
		B76988DE2D8961A900D0712C /* Game.swift */ = {isa = PBXFileReference; lastKnownFileType = sourcecode.swift; path = Game.swift; sourceTree = "<group>"; };
		B76988E02D8961B400D0712C /* GameEditor.swift */ = {isa = PBXFileReference; lastKnownFileType = sourcecode.swift; path = GameEditor.swift; sourceTree = "<group>"; };
		B76988E22D89623600D0712C /* GameEditorsListView.swift */ = {isa = PBXFileReference; lastKnownFileType = sourcecode.swift; path = GameEditorsListView.swift; sourceTree = "<group>"; };
		B76988E42D89624700D0712C /* GameCategoriesListView.swift */ = {isa = PBXFileReference; lastKnownFileType = sourcecode.swift; path = GameCategoriesListView.swift; sourceTree = "<group>"; };
		B782650C2D85CD20008D79E5 /* Helpers.swift */ = {isa = PBXFileReference; lastKnownFileType = sourcecode.swift; path = Helpers.swift; sourceTree = "<group>"; };
		B78265112D85CD8F008D79E5 /* ManagerViewModel.swift */ = {isa = PBXFileReference; lastKnownFileType = sourcecode.swift; path = ManagerViewModel.swift; sourceTree = "<group>"; };
		B78265152D85CDCD008D79E5 /* ManagerDTO.swift */ = {isa = PBXFileReference; lastKnownFileType = sourcecode.swift; path = ManagerDTO.swift; sourceTree = "<group>"; };
		B78265172D85CDD6008D79E5 /* Manager.swift */ = {isa = PBXFileReference; lastKnownFileType = sourcecode.swift; path = Manager.swift; sourceTree = "<group>"; };
		B7BEEF492D89632C00916560 /* GamesListView.swift */ = {isa = PBXFileReference; lastKnownFileType = sourcecode.swift; path = GamesListView.swift; sourceTree = "<group>"; };
		B7BEEF4D2D89636400916560 /* CreateGameCategoryView.swift */ = {isa = PBXFileReference; lastKnownFileType = sourcecode.swift; path = CreateGameCategoryView.swift; sourceTree = "<group>"; };
		B7BEEF4F2D89637100916560 /* CreateGameView.swift */ = {isa = PBXFileReference; lastKnownFileType = sourcecode.swift; path = CreateGameView.swift; sourceTree = "<group>"; };
		B7BEEF512D89638500916560 /* CreateGameEditorView.swift */ = {isa = PBXFileReference; lastKnownFileType = sourcecode.swift; path = CreateGameEditorView.swift; sourceTree = "<group>"; };
		B7BEEF532D89639A00916560 /* UpdateGameEditorView.swift */ = {isa = PBXFileReference; lastKnownFileType = sourcecode.swift; path = UpdateGameEditorView.swift; sourceTree = "<group>"; };
		B7BEEF552D8963B000916560 /* UpdateGameCategoryView.swift */ = {isa = PBXFileReference; lastKnownFileType = sourcecode.swift; path = UpdateGameCategoryView.swift; sourceTree = "<group>"; };
		B7BEEF572D8963F100916560 /* UpdateGameView.swift */ = {isa = PBXFileReference; lastKnownFileType = sourcecode.swift; path = UpdateGameView.swift; sourceTree = "<group>"; };
		B7D8EBD32D899A8A00A54F6C /* DepositViewModel.swift */ = {isa = PBXFileReference; lastKnownFileType = sourcecode.swift; path = DepositViewModel.swift; sourceTree = "<group>"; };
		B7D8EBD52D899A9800A54F6C /* SaleViewModel.swift */ = {isa = PBXFileReference; lastKnownFileType = sourcecode.swift; path = SaleViewModel.swift; sourceTree = "<group>"; };
		B7D8EBD72D899AA800A54F6C /* WithdrawalViewModel.swift */ = {isa = PBXFileReference; lastKnownFileType = sourcecode.swift; path = WithdrawalViewModel.swift; sourceTree = "<group>"; };
		B7D8EBD92D899ACB00A54F6C /* BalanceViewModel.swift */ = {isa = PBXFileReference; lastKnownFileType = sourcecode.swift; path = BalanceViewModel.swift; sourceTree = "<group>"; };
		B7D8EBDB2D899B0200A54F6C /* Deposit.swift */ = {isa = PBXFileReference; lastKnownFileType = sourcecode.swift; path = Deposit.swift; sourceTree = "<group>"; };
		B7D8EBDD2D899B0900A54F6C /* Sale.swift */ = {isa = PBXFileReference; lastKnownFileType = sourcecode.swift; path = Sale.swift; sourceTree = "<group>"; };
		B7D8EBDF2D899B1200A54F6C /* Withdrawal.swift */ = {isa = PBXFileReference; lastKnownFileType = sourcecode.swift; path = Withdrawal.swift; sourceTree = "<group>"; };
		B7D8EBE72D899B6F00A54F6C /* BalanceView.swift */ = {isa = PBXFileReference; lastKnownFileType = sourcecode.swift; path = BalanceView.swift; sourceTree = "<group>"; };
		B7D8EBFB2D899C7900A54F6C /* UpdateDepositView.swift */ = {isa = PBXFileReference; lastKnownFileType = sourcecode.swift; path = UpdateDepositView.swift; sourceTree = "<group>"; };
		B7D8EBFD2D899C8500A54F6C /* UpdateWithdrawalView.swift */ = {isa = PBXFileReference; lastKnownFileType = sourcecode.swift; path = UpdateWithdrawalView.swift; sourceTree = "<group>"; };
		B7D8EBFF2D899C9200A54F6C /* UpdateSaleView.swift */ = {isa = PBXFileReference; lastKnownFileType = sourcecode.swift; path = UpdateSaleView.swift; sourceTree = "<group>"; };
		B7D8EC012D899CA300A54F6C /* CreateDepositView.swift */ = {isa = PBXFileReference; lastKnownFileType = sourcecode.swift; path = CreateDepositView.swift; sourceTree = "<group>"; };
		B7D8EC032D899CB200A54F6C /* CreateWithdrawalView.swift */ = {isa = PBXFileReference; lastKnownFileType = sourcecode.swift; path = CreateWithdrawalView.swift; sourceTree = "<group>"; };
		B7D8EC052D899CBD00A54F6C /* CreateSaleView.swift */ = {isa = PBXFileReference; lastKnownFileType = sourcecode.swift; path = CreateSaleView.swift; sourceTree = "<group>"; };
		B7D8EC072D899CCE00A54F6C /* DepositsListView.swift */ = {isa = PBXFileReference; lastKnownFileType = sourcecode.swift; path = DepositsListView.swift; sourceTree = "<group>"; };
		B7D8EC092D899CDD00A54F6C /* WithdrawalsListView.swift */ = {isa = PBXFileReference; lastKnownFileType = sourcecode.swift; path = WithdrawalsListView.swift; sourceTree = "<group>"; };
		B7D8EC0B2D899CE900A54F6C /* SalesListView.swift */ = {isa = PBXFileReference; lastKnownFileType = sourcecode.swift; path = SalesListView.swift; sourceTree = "<group>"; };
/* End PBXFileReference section */

/* Begin PBXFrameworksBuildPhase section */
		B719CBD62D81A85F002E4579 /* Frameworks */ = {
			isa = PBXFrameworksBuildPhase;
			buildActionMask = 2147483647;
			files = (
			);
			runOnlyForDeploymentPostprocessing = 0;
		};
/* End PBXFrameworksBuildPhase section */

/* Begin PBXGroup section */
		B7172B222D897DB300727D2C /* Sessions */ = {
			isa = PBXGroup;
			children = (
				B7172B252D897E0D00727D2C /* SessionsListView.swift */,
				B7172B272D897E1D00727D2C /* CreateSessionView.swift */,
				B7172B292D897E2A00727D2C /* UpdateSessionView.swift */,
			);
			path = Sessions;
			sourceTree = "<group>";
		};
		B719CBD02D81A85F002E4579 = {
			isa = PBXGroup;
			children = (
				B719CBDB2D81A85F002E4579 /* app-ios-awi */,
				B719CBDA2D81A85F002E4579 /* Products */,
			);
			sourceTree = "<group>";
		};
		B719CBDA2D81A85F002E4579 /* Products */ = {
			isa = PBXGroup;
			children = (
				B719CBD92D81A85F002E4579 /* app-ios-awi.app */,
			);
			name = Products;
			sourceTree = "<group>";
		};
		B719CBDB2D81A85F002E4579 /* app-ios-awi */ = {
			isa = PBXGroup;
			children = (
				B782650B2D85C739008D79E5 /* ViewModels */,
				B78265092D85C721008D79E5 /* Views */,
				B78265082D85C639008D79E5 /* Utilities */,
				B719CBDC2D81A85F002E4579 /* app_ios_awiApp.swift */,
				B78265042D85C5D5008D79E5 /* Models */,
				B719CBE02D81A861002E4579 /* Assets.xcassets */,
				B719CBE22D81A861002E4579 /* Preview Content */,
			);
			path = "app-ios-awi";
			sourceTree = "<group>";
		};
		B719CBE22D81A861002E4579 /* Preview Content */ = {
			isa = PBXGroup;
			children = (
				B719CBE32D81A861002E4579 /* Preview Assets.xcassets */,
			);
			path = "Preview Content";
			sourceTree = "<group>";
		};
		B73A35AE2D88AAA100F0F3BD /* Clients */ = {
			isa = PBXGroup;
			children = (
				B73A35B62D88AF8C00F0F3BD /* ClientsListView.swift */,
				B73A35B82D88AFA100F0F3BD /* CreateClientView.swift */,
				B73A35BA2D88AFAD00F0F3BD /* UpdateClientView.swift */,
			);
			path = Clients;
			sourceTree = "<group>";
		};
		B73A35AF2D88AAAD00F0F3BD /* Sellers */ = {
			isa = PBXGroup;
			children = (
				B73A35BE2D88B43300F0F3BD /* SellersListView.swift */,
				B73A35C02D88B44300F0F3BD /* CreateSellerView.swift */,
				B73A35C22D88B44E00F0F3BD /* UpdateSellerView.swift */,
			);
			path = Sellers;
			sourceTree = "<group>";
		};
		B75680452D88276500A72D43 /* Home */ = {
			isa = PBXGroup;
			children = (
				B75680462D88278300A72D43 /* HomeView.swift */,
			);
			path = Home;
			sourceTree = "<group>";
		};
		B756804B2D8834CF00A72D43 /* Login */ = {
			isa = PBXGroup;
			children = (
				B756804C2D8834E300A72D43 /* LoginView.swift */,
			);
			path = Login;
			sourceTree = "<group>";
		};
		B75680502D88352800A72D43 /* TabBar */ = {
			isa = PBXGroup;
			children = (
				B75680512D88353C00A72D43 /* TabBarView.swift */,
			);
			path = TabBar;
			sourceTree = "<group>";
		};
		B76988D52D8960FB00D0712C /* Games */ = {
			isa = PBXGroup;
			children = (
				B7BEEF492D89632C00916560 /* GamesListView.swift */,
				B7BEEF4F2D89637100916560 /* CreateGameView.swift */,
				B7BEEF572D8963F100916560 /* UpdateGameView.swift */,
			);
			path = Games;
			sourceTree = "<group>";
		};
		B76988D62D89610400D0712C /* GameCategories */ = {
			isa = PBXGroup;
			children = (
				B76988E42D89624700D0712C /* GameCategoriesListView.swift */,
				B7BEEF4D2D89636400916560 /* CreateGameCategoryView.swift */,
				B7BEEF552D8963B000916560 /* UpdateGameCategoryView.swift */,
			);
			path = GameCategories;
			sourceTree = "<group>";
		};
		B76988D72D89612200D0712C /* GameEditors */ = {
			isa = PBXGroup;
			children = (
				B76988E22D89623600D0712C /* GameEditorsListView.swift */,
				B7BEEF512D89638500916560 /* CreateGameEditorView.swift */,
				B7BEEF532D89639A00916560 /* UpdateGameEditorView.swift */,
			);
			path = GameEditors;
			sourceTree = "<group>";
		};
		B78265042D85C5D5008D79E5 /* Models */ = {
			isa = PBXGroup;
			children = (
				B78265142D85CDB9008D79E5 /* DTOs */,
				B78265132D85CD9D008D79E5 /* Entities */,
			);
			path = Models;
			sourceTree = "<group>";
		};
		B78265082D85C639008D79E5 /* Utilities */ = {
			isa = PBXGroup;
			children = (
				B782650C2D85CD20008D79E5 /* Helpers.swift */,
			);
			path = Utilities;
			sourceTree = "<group>";
		};
		B78265092D85C721008D79E5 /* Views */ = {
			isa = PBXGroup;
			children = (
				B7D8EBE62D899B5A00A54F6C /* Balance */,
				B7D8EBE52D899B4A00A54F6C /* Deposits */,
				B7D8EBE42D899B3E00A54F6C /* Withdrawals */,
				B7D8EBE32D899B3800A54F6C /* Sales */,
				B7172B222D897DB300727D2C /* Sessions */,
				B76988D72D89612200D0712C /* GameEditors */,
				B76988D62D89610400D0712C /* GameCategories */,
				B76988D52D8960FB00D0712C /* Games */,
				B75680502D88352800A72D43 /* TabBar */,
				B73A35AF2D88AAAD00F0F3BD /* Sellers */,
				B73A35AE2D88AAA100F0F3BD /* Clients */,
				B756804B2D8834CF00A72D43 /* Login */,
				B75680452D88276500A72D43 /* Home */,
				B78265102D85CD56008D79E5 /* Managers */,
			);
			path = Views;
			sourceTree = "<group>";
		};
		B782650B2D85C739008D79E5 /* ViewModels */ = {
			isa = PBXGroup;
			children = (
				B78265112D85CD8F008D79E5 /* ManagerViewModel.swift */,
				B75680432D88272600A72D43 /* HomeViewModel.swift */,
				B75680532D8838C000A72D43 /* LoginViewModel.swift */,
				B73A35B42D88AEDC00F0F3BD /* ClientViewModel.swift */,
				B73A35BC2D88B41C00F0F3BD /* SellerViewModel.swift */,
				B76988D82D89617200D0712C /* GameViewModel.swift */,
				B76988DA2D89618100D0712C /* GameEditorViewModel.swift */,
				B76988DC2D89619A00D0712C /* GameCategoryViewModel.swift */,
				B7172B232D897DED00727D2C /* SessionViewModel.swift */,
				B7D8EBD32D899A8A00A54F6C /* DepositViewModel.swift */,
				B7D8EBD52D899A9800A54F6C /* SaleViewModel.swift */,
				B7D8EBD72D899AA800A54F6C /* WithdrawalViewModel.swift */,
				B7D8EBD92D899ACB00A54F6C /* BalanceViewModel.swift */,
			);
			path = ViewModels;
			sourceTree = "<group>";
		};
		B78265102D85CD56008D79E5 /* Managers */ = {
			isa = PBXGroup;
			children = (
				B73A35C42D88B47300F0F3BD /* CreateManagerView.swift */,
				B73A35C62D88B48400F0F3BD /* UpdateManagerView.swift */,
				B73A35C82D88B49200F0F3BD /* ManagersListView.swift */,
			);
			path = Managers;
			sourceTree = "<group>";
		};
		B78265132D85CD9D008D79E5 /* Entities */ = {
			isa = PBXGroup;
			children = (
				B78265172D85CDD6008D79E5 /* Manager.swift */,
				B756803F2D8826D700A72D43 /* DepositedGame.swift */,
				1D41349B2D888C9F008A0A05 /* GameCategory.swift */,
				B73A35B02D88ACCD00F0F3BD /* Seller.swift */,
				B73A35B22D88ACD800F0F3BD /* Client.swift */,
				B76988DE2D8961A900D0712C /* Game.swift */,
				B76988E02D8961B400D0712C /* GameEditor.swift */,
				B7172B202D897CE400727D2C /* Session.swift */,
				B7D8EBDB2D899B0200A54F6C /* Deposit.swift */,
				B7D8EBDD2D899B0900A54F6C /* Sale.swift */,
				B7D8EBDF2D899B1200A54F6C /* Withdrawal.swift */,
			);
			path = Entities;
			sourceTree = "<group>";
		};
		B78265142D85CDB9008D79E5 /* DTOs */ = {
			isa = PBXGroup;
			children = (
				B78265152D85CDCD008D79E5 /* ManagerDTO.swift */,
			);
			path = DTOs;
			sourceTree = "<group>";
		};
		B7D8EBE32D899B3800A54F6C /* Sales */ = {
			isa = PBXGroup;
			children = (
				B7D8EBFF2D899C9200A54F6C /* UpdateSaleView.swift */,
				B7D8EC052D899CBD00A54F6C /* CreateSaleView.swift */,
				B7D8EC0B2D899CE900A54F6C /* SalesListView.swift */,
			);
			path = Sales;
			sourceTree = "<group>";
		};
		B7D8EBE42D899B3E00A54F6C /* Withdrawals */ = {
			isa = PBXGroup;
			children = (
				B7D8EBFD2D899C8500A54F6C /* UpdateWithdrawalView.swift */,
				B7D8EC032D899CB200A54F6C /* CreateWithdrawalView.swift */,
				B7D8EC092D899CDD00A54F6C /* WithdrawalsListView.swift */,
			);
			path = Withdrawals;
			sourceTree = "<group>";
		};
		B7D8EBE52D899B4A00A54F6C /* Deposits */ = {
			isa = PBXGroup;
			children = (
				B7D8EBFB2D899C7900A54F6C /* UpdateDepositView.swift */,
				B7D8EC012D899CA300A54F6C /* CreateDepositView.swift */,
				B7D8EC072D899CCE00A54F6C /* DepositsListView.swift */,
			);
			path = Deposits;
			sourceTree = "<group>";
		};
		B7D8EBE62D899B5A00A54F6C /* Balance */ = {
			isa = PBXGroup;
			children = (
				B7D8EBE72D899B6F00A54F6C /* BalanceView.swift */,
			);
			path = Balance;
			sourceTree = "<group>";
		};
/* End PBXGroup section */

/* Begin PBXNativeTarget section */
		B719CBD82D81A85F002E4579 /* app-ios-awi */ = {
			isa = PBXNativeTarget;
			buildConfigurationList = B719CBE72D81A861002E4579 /* Build configuration list for PBXNativeTarget "app-ios-awi" */;
			buildPhases = (
				B719CBD52D81A85F002E4579 /* Sources */,
				B719CBD62D81A85F002E4579 /* Frameworks */,
				B719CBD72D81A85F002E4579 /* Resources */,
			);
			buildRules = (
			);
			dependencies = (
			);
			name = "app-ios-awi";
			packageProductDependencies = (
			);
			productName = "app-ios-awi";
			productReference = B719CBD92D81A85F002E4579 /* app-ios-awi.app */;
			productType = "com.apple.product-type.application";
		};
/* End PBXNativeTarget section */

/* Begin PBXProject section */
		B719CBD12D81A85F002E4579 /* Project object */ = {
			isa = PBXProject;
			attributes = {
				BuildIndependentTargetsInParallel = 1;
				LastSwiftUpdateCheck = 1420;
				LastUpgradeCheck = 1420;
				TargetAttributes = {
					B719CBD82D81A85F002E4579 = {
						CreatedOnToolsVersion = 14.2;
					};
				};
			};
			buildConfigurationList = B719CBD42D81A85F002E4579 /* Build configuration list for PBXProject "app-ios-awi" */;
			compatibilityVersion = "Xcode 14.0";
			developmentRegion = en;
			hasScannedForEncodings = 0;
			knownRegions = (
				en,
				Base,
			);
			mainGroup = B719CBD02D81A85F002E4579;
			packageReferences = (
			);
			productRefGroup = B719CBDA2D81A85F002E4579 /* Products */;
			projectDirPath = "";
			projectRoot = "";
			targets = (
				B719CBD82D81A85F002E4579 /* app-ios-awi */,
			);
		};
/* End PBXProject section */

/* Begin PBXResourcesBuildPhase section */
		B719CBD72D81A85F002E4579 /* Resources */ = {
			isa = PBXResourcesBuildPhase;
			buildActionMask = 2147483647;
			files = (
				B719CBE42D81A861002E4579 /* Preview Assets.xcassets in Resources */,
				B719CBE12D81A861002E4579 /* Assets.xcassets in Resources */,
			);
			runOnlyForDeploymentPostprocessing = 0;
		};
/* End PBXResourcesBuildPhase section */

/* Begin PBXSourcesBuildPhase section */
		B719CBD52D81A85F002E4579 /* Sources */ = {
			isa = PBXSourcesBuildPhase;
			buildActionMask = 2147483647;
			files = (
				B7D8EC0C2D899CE900A54F6C /* SalesListView.swift in Sources */,
				B75680442D88272600A72D43 /* HomeViewModel.swift in Sources */,
				B73A35B92D88AFA100F0F3BD /* CreateClientView.swift in Sources */,
				B7BEEF542D89639A00916560 /* UpdateGameEditorView.swift in Sources */,
				B73A35B52D88AEDC00F0F3BD /* ClientViewModel.swift in Sources */,
				B75680402D8826D700A72D43 /* DepositedGame.swift in Sources */,
				B76988E12D8961B400D0712C /* GameEditor.swift in Sources */,
				B76988DB2D89618100D0712C /* GameEditorViewModel.swift in Sources */,
				B73A35BD2D88B41C00F0F3BD /* SellerViewModel.swift in Sources */,
				B7D8EBDE2D899B0900A54F6C /* Sale.swift in Sources */,
				B7D8EC022D899CA300A54F6C /* CreateDepositView.swift in Sources */,
				B7D8EBE02D899B1200A54F6C /* Withdrawal.swift in Sources */,
				B75680522D88353C00A72D43 /* TabBarView.swift in Sources */,
				B7D8EBD82D899AA800A54F6C /* WithdrawalViewModel.swift in Sources */,
				B76988D92D89617200D0712C /* GameViewModel.swift in Sources */,
				B73A35C52D88B47300F0F3BD /* CreateManagerView.swift in Sources */,
				1D41349C2D888C9F008A0A05 /* GameCategory.swift in Sources */,
				B73A35C92D88B49200F0F3BD /* ManagersListView.swift in Sources */,
				B7D8EC062D899CBD00A54F6C /* CreateSaleView.swift in Sources */,
				B7BEEF502D89637100916560 /* CreateGameView.swift in Sources */,
				B78265162D85CDCD008D79E5 /* ManagerDTO.swift in Sources */,
				B73A35B32D88ACD800F0F3BD /* Client.swift in Sources */,
				B76988E52D89624700D0712C /* GameCategoriesListView.swift in Sources */,
				B7D8EBFE2D899C8500A54F6C /* UpdateWithdrawalView.swift in Sources */,
				B7172B242D897DED00727D2C /* SessionViewModel.swift in Sources */,
				B7D8EC082D899CCE00A54F6C /* DepositsListView.swift in Sources */,
				B7D8EBDA2D899ACB00A54F6C /* BalanceViewModel.swift in Sources */,
				B73A35B12D88ACCD00F0F3BD /* Seller.swift in Sources */,
				B73A35C72D88B48400F0F3BD /* UpdateManagerView.swift in Sources */,
				B73A35C12D88B44300F0F3BD /* CreateSellerView.swift in Sources */,
				B7D8EBE82D899B6F00A54F6C /* BalanceView.swift in Sources */,
				B7172B212D897CE400727D2C /* Session.swift in Sources */,
				B76988DF2D8961A900D0712C /* Game.swift in Sources */,
				B7172B282D897E1D00727D2C /* CreateSessionView.swift in Sources */,
				B73A35BF2D88B43300F0F3BD /* SellersListView.swift in Sources */,
				B7BEEF522D89638500916560 /* CreateGameEditorView.swift in Sources */,
				B7BEEF4E2D89636400916560 /* CreateGameCategoryView.swift in Sources */,
				B782650D2D85CD20008D79E5 /* Helpers.swift in Sources */,
				B7D8EC042D899CB200A54F6C /* CreateWithdrawalView.swift in Sources */,
				B75680542D8838C000A72D43 /* LoginViewModel.swift in Sources */,
				B7D8EBDC2D899B0200A54F6C /* Deposit.swift in Sources */,
				B7D8EBD62D899A9800A54F6C /* SaleViewModel.swift in Sources */,
				B78265122D85CD90008D79E5 /* ManagerViewModel.swift in Sources */,
				B73A35BB2D88AFAD00F0F3BD /* UpdateClientView.swift in Sources */,
				B7BEEF4A2D89632C00916560 /* GamesListView.swift in Sources */,
				B7D8EC002D899C9200A54F6C /* UpdateSaleView.swift in Sources */,
				B7172B2A2D897E2A00727D2C /* UpdateSessionView.swift in Sources */,
				B73A35B72D88AF8C00F0F3BD /* ClientsListView.swift in Sources */,
				B76988E32D89623600D0712C /* GameEditorsListView.swift in Sources */,
				B7D8EBFC2D899C7900A54F6C /* UpdateDepositView.swift in Sources */,
				B7D8EC0A2D899CDD00A54F6C /* WithdrawalsListView.swift in Sources */,
				B78265182D85CDD6008D79E5 /* Manager.swift in Sources */,
				B75680472D88278300A72D43 /* HomeView.swift in Sources */,
				B7BEEF562D8963B000916560 /* UpdateGameCategoryView.swift in Sources */,
				B719CBDD2D81A85F002E4579 /* app_ios_awiApp.swift in Sources */,
				B7172B262D897E0D00727D2C /* SessionsListView.swift in Sources */,
				B7BEEF582D8963F100916560 /* UpdateGameView.swift in Sources */,
				B73A35C32D88B44E00F0F3BD /* UpdateSellerView.swift in Sources */,
				B76988DD2D89619A00D0712C /* GameCategoryViewModel.swift in Sources */,
				B756804D2D8834E300A72D43 /* LoginView.swift in Sources */,
				B7D8EBD42D899A8A00A54F6C /* DepositViewModel.swift in Sources */,
			);
			runOnlyForDeploymentPostprocessing = 0;
		};
/* End PBXSourcesBuildPhase section */

/* Begin XCBuildConfiguration section */
		B719CBE52D81A861002E4579 /* Debug */ = {
			isa = XCBuildConfiguration;
			buildSettings = {
				ALWAYS_SEARCH_USER_PATHS = NO;
				CLANG_ANALYZER_NONNULL = YES;
				CLANG_ANALYZER_NUMBER_OBJECT_CONVERSION = YES_AGGRESSIVE;
				CLANG_CXX_LANGUAGE_STANDARD = "gnu++20";
				CLANG_ENABLE_MODULES = YES;
				CLANG_ENABLE_OBJC_ARC = YES;
				CLANG_ENABLE_OBJC_WEAK = YES;
				CLANG_WARN_BLOCK_CAPTURE_AUTORELEASING = YES;
				CLANG_WARN_BOOL_CONVERSION = YES;
				CLANG_WARN_COMMA = YES;
				CLANG_WARN_CONSTANT_CONVERSION = YES;
				CLANG_WARN_DEPRECATED_OBJC_IMPLEMENTATIONS = YES;
				CLANG_WARN_DIRECT_OBJC_ISA_USAGE = YES_ERROR;
				CLANG_WARN_DOCUMENTATION_COMMENTS = YES;
				CLANG_WARN_EMPTY_BODY = YES;
				CLANG_WARN_ENUM_CONVERSION = YES;
				CLANG_WARN_INFINITE_RECURSION = YES;
				CLANG_WARN_INT_CONVERSION = YES;
				CLANG_WARN_NON_LITERAL_NULL_CONVERSION = YES;
				CLANG_WARN_OBJC_IMPLICIT_RETAIN_SELF = YES;
				CLANG_WARN_OBJC_LITERAL_CONVERSION = YES;
				CLANG_WARN_OBJC_ROOT_CLASS = YES_ERROR;
				CLANG_WARN_QUOTED_INCLUDE_IN_FRAMEWORK_HEADER = YES;
				CLANG_WARN_RANGE_LOOP_ANALYSIS = YES;
				CLANG_WARN_STRICT_PROTOTYPES = YES;
				CLANG_WARN_SUSPICIOUS_MOVE = YES;
				CLANG_WARN_UNGUARDED_AVAILABILITY = YES_AGGRESSIVE;
				CLANG_WARN_UNREACHABLE_CODE = YES;
				CLANG_WARN__DUPLICATE_METHOD_MATCH = YES;
				COPY_PHASE_STRIP = NO;
				DEBUG_INFORMATION_FORMAT = dwarf;
				ENABLE_STRICT_OBJC_MSGSEND = YES;
				ENABLE_TESTABILITY = YES;
				GCC_C_LANGUAGE_STANDARD = gnu11;
				GCC_DYNAMIC_NO_PIC = NO;
				GCC_NO_COMMON_BLOCKS = YES;
				GCC_OPTIMIZATION_LEVEL = 0;
				GCC_PREPROCESSOR_DEFINITIONS = (
					"DEBUG=1",
					"$(inherited)",
				);
				GCC_WARN_64_TO_32_BIT_CONVERSION = YES;
				GCC_WARN_ABOUT_RETURN_TYPE = YES_ERROR;
				GCC_WARN_UNDECLARED_SELECTOR = YES;
				GCC_WARN_UNINITIALIZED_AUTOS = YES_AGGRESSIVE;
				GCC_WARN_UNUSED_FUNCTION = YES;
				GCC_WARN_UNUSED_VARIABLE = YES;
				IPHONEOS_DEPLOYMENT_TARGET = 16.2;
				MTL_ENABLE_DEBUG_INFO = INCLUDE_SOURCE;
				MTL_FAST_MATH = YES;
				ONLY_ACTIVE_ARCH = YES;
				SDKROOT = iphoneos;
				SWIFT_ACTIVE_COMPILATION_CONDITIONS = DEBUG;
				SWIFT_OPTIMIZATION_LEVEL = "-Onone";
			};
			name = Debug;
		};
		B719CBE62D81A861002E4579 /* Release */ = {
			isa = XCBuildConfiguration;
			buildSettings = {
				ALWAYS_SEARCH_USER_PATHS = NO;
				CLANG_ANALYZER_NONNULL = YES;
				CLANG_ANALYZER_NUMBER_OBJECT_CONVERSION = YES_AGGRESSIVE;
				CLANG_CXX_LANGUAGE_STANDARD = "gnu++20";
				CLANG_ENABLE_MODULES = YES;
				CLANG_ENABLE_OBJC_ARC = YES;
				CLANG_ENABLE_OBJC_WEAK = YES;
				CLANG_WARN_BLOCK_CAPTURE_AUTORELEASING = YES;
				CLANG_WARN_BOOL_CONVERSION = YES;
				CLANG_WARN_COMMA = YES;
				CLANG_WARN_CONSTANT_CONVERSION = YES;
				CLANG_WARN_DEPRECATED_OBJC_IMPLEMENTATIONS = YES;
				CLANG_WARN_DIRECT_OBJC_ISA_USAGE = YES_ERROR;
				CLANG_WARN_DOCUMENTATION_COMMENTS = YES;
				CLANG_WARN_EMPTY_BODY = YES;
				CLANG_WARN_ENUM_CONVERSION = YES;
				CLANG_WARN_INFINITE_RECURSION = YES;
				CLANG_WARN_INT_CONVERSION = YES;
				CLANG_WARN_NON_LITERAL_NULL_CONVERSION = YES;
				CLANG_WARN_OBJC_IMPLICIT_RETAIN_SELF = YES;
				CLANG_WARN_OBJC_LITERAL_CONVERSION = YES;
				CLANG_WARN_OBJC_ROOT_CLASS = YES_ERROR;
				CLANG_WARN_QUOTED_INCLUDE_IN_FRAMEWORK_HEADER = YES;
				CLANG_WARN_RANGE_LOOP_ANALYSIS = YES;
				CLANG_WARN_STRICT_PROTOTYPES = YES;
				CLANG_WARN_SUSPICIOUS_MOVE = YES;
				CLANG_WARN_UNGUARDED_AVAILABILITY = YES_AGGRESSIVE;
				CLANG_WARN_UNREACHABLE_CODE = YES;
				CLANG_WARN__DUPLICATE_METHOD_MATCH = YES;
				COPY_PHASE_STRIP = NO;
				DEBUG_INFORMATION_FORMAT = "dwarf-with-dsym";
				ENABLE_NS_ASSERTIONS = NO;
				ENABLE_STRICT_OBJC_MSGSEND = YES;
				GCC_C_LANGUAGE_STANDARD = gnu11;
				GCC_NO_COMMON_BLOCKS = YES;
				GCC_WARN_64_TO_32_BIT_CONVERSION = YES;
				GCC_WARN_ABOUT_RETURN_TYPE = YES_ERROR;
				GCC_WARN_UNDECLARED_SELECTOR = YES;
				GCC_WARN_UNINITIALIZED_AUTOS = YES_AGGRESSIVE;
				GCC_WARN_UNUSED_FUNCTION = YES;
				GCC_WARN_UNUSED_VARIABLE = YES;
				IPHONEOS_DEPLOYMENT_TARGET = 16.2;
				MTL_ENABLE_DEBUG_INFO = NO;
				MTL_FAST_MATH = YES;
				SDKROOT = iphoneos;
				SWIFT_COMPILATION_MODE = wholemodule;
				SWIFT_OPTIMIZATION_LEVEL = "-O";
				VALIDATE_PRODUCT = YES;
			};
			name = Release;
		};
		B719CBE82D81A861002E4579 /* Debug */ = {
			isa = XCBuildConfiguration;
			buildSettings = {
				ASSETCATALOG_COMPILER_APPICON_NAME = AppIcon;
				ASSETCATALOG_COMPILER_GLOBAL_ACCENT_COLOR_NAME = AccentColor;
				CODE_SIGN_STYLE = Automatic;
				CURRENT_PROJECT_VERSION = 1;
				DEVELOPMENT_ASSET_PATHS = "\"app-ios-awi/Preview Content\"";
				ENABLE_PREVIEWS = YES;
				GENERATE_INFOPLIST_FILE = YES;
				INFOPLIST_KEY_UIApplicationSceneManifest_Generation = YES;
				INFOPLIST_KEY_UIApplicationSupportsIndirectInputEvents = YES;
				INFOPLIST_KEY_UILaunchScreen_Generation = YES;
				INFOPLIST_KEY_UISupportedInterfaceOrientations_iPad = "UIInterfaceOrientationPortrait UIInterfaceOrientationPortraitUpsideDown UIInterfaceOrientationLandscapeLeft UIInterfaceOrientationLandscapeRight";
				INFOPLIST_KEY_UISupportedInterfaceOrientations_iPhone = "UIInterfaceOrientationPortrait UIInterfaceOrientationLandscapeLeft UIInterfaceOrientationLandscapeRight";
				LD_RUNPATH_SEARCH_PATHS = (
					"$(inherited)",
					"@executable_path/Frameworks",
				);
				MARKETING_VERSION = 1.0;
				PRODUCT_BUNDLE_IDENTIFIER = "polytech.app-ios-awi";
				PRODUCT_NAME = "$(TARGET_NAME)";
				SWIFT_EMIT_LOC_STRINGS = YES;
				SWIFT_VERSION = 5.0;
				TARGETED_DEVICE_FAMILY = "1,2";
			};
			name = Debug;
		};
		B719CBE92D81A861002E4579 /* Release */ = {
			isa = XCBuildConfiguration;
			buildSettings = {
				ASSETCATALOG_COMPILER_APPICON_NAME = AppIcon;
				ASSETCATALOG_COMPILER_GLOBAL_ACCENT_COLOR_NAME = AccentColor;
				CODE_SIGN_STYLE = Automatic;
				CURRENT_PROJECT_VERSION = 1;
				DEVELOPMENT_ASSET_PATHS = "\"app-ios-awi/Preview Content\"";
				ENABLE_PREVIEWS = YES;
				GENERATE_INFOPLIST_FILE = YES;
				INFOPLIST_KEY_UIApplicationSceneManifest_Generation = YES;
				INFOPLIST_KEY_UIApplicationSupportsIndirectInputEvents = YES;
				INFOPLIST_KEY_UILaunchScreen_Generation = YES;
				INFOPLIST_KEY_UISupportedInterfaceOrientations_iPad = "UIInterfaceOrientationPortrait UIInterfaceOrientationPortraitUpsideDown UIInterfaceOrientationLandscapeLeft UIInterfaceOrientationLandscapeRight";
				INFOPLIST_KEY_UISupportedInterfaceOrientations_iPhone = "UIInterfaceOrientationPortrait UIInterfaceOrientationLandscapeLeft UIInterfaceOrientationLandscapeRight";
				LD_RUNPATH_SEARCH_PATHS = (
					"$(inherited)",
					"@executable_path/Frameworks",
				);
				MARKETING_VERSION = 1.0;
				PRODUCT_BUNDLE_IDENTIFIER = "polytech.app-ios-awi";
				PRODUCT_NAME = "$(TARGET_NAME)";
				SWIFT_EMIT_LOC_STRINGS = YES;
				SWIFT_VERSION = 5.0;
				TARGETED_DEVICE_FAMILY = "1,2";
			};
			name = Release;
		};
/* End XCBuildConfiguration section */

/* Begin XCConfigurationList section */
		B719CBD42D81A85F002E4579 /* Build configuration list for PBXProject "app-ios-awi" */ = {
			isa = XCConfigurationList;
			buildConfigurations = (
				B719CBE52D81A861002E4579 /* Debug */,
				B719CBE62D81A861002E4579 /* Release */,
			);
			defaultConfigurationIsVisible = 0;
			defaultConfigurationName = Release;
		};
		B719CBE72D81A861002E4579 /* Build configuration list for PBXNativeTarget "app-ios-awi" */ = {
			isa = XCConfigurationList;
			buildConfigurations = (
				B719CBE82D81A861002E4579 /* Debug */,
				B719CBE92D81A861002E4579 /* Release */,
			);
			defaultConfigurationIsVisible = 0;
			defaultConfigurationName = Release;
		};
/* End XCConfigurationList section */
	};
	rootObject = B719CBD12D81A85F002E4579 /* Project object */;
}
