// !$*UTF8*$!
{
	archiveVersion = 1;
	classes = {
	};
	objectVersion = 56;
	objects = {

/* Begin PBXBuildFile section */
		1D41349C2D888C9F008A0A05 /* GameCategory.swift in Sources */ = {isa = PBXBuildFile; fileRef = 1D41349B2D888C9F008A0A05 /* GameCategory.swift */; };
		B719CBDD2D81A85F002E4579 /* app_ios_awiApp.swift in Sources */ = {isa = PBXBuildFile; fileRef = B719CBDC2D81A85F002E4579 /* app_ios_awiApp.swift */; };
		B719CBE12D81A861002E4579 /* Assets.xcassets in Resources */ = {isa = PBXBuildFile; fileRef = B719CBE02D81A861002E4579 /* Assets.xcassets */; };
		B719CBE42D81A861002E4579 /* Preview Assets.xcassets in Resources */ = {isa = PBXBuildFile; fileRef = B719CBE32D81A861002E4579 /* Preview Assets.xcassets */; };
		B75680402D8826D700A72D43 /* DepositedGame.swift in Sources */ = {isa = PBXBuildFile; fileRef = B756803F2D8826D700A72D43 /* DepositedGame.swift */; };
		B75680442D88272600A72D43 /* HomeViewModel.swift in Sources */ = {isa = PBXBuildFile; fileRef = B75680432D88272600A72D43 /* HomeViewModel.swift */; };
		B75680472D88278300A72D43 /* HomeView.swift in Sources */ = {isa = PBXBuildFile; fileRef = B75680462D88278300A72D43 /* HomeView.swift */; };
		B756804D2D8834E300A72D43 /* LoginView.swift in Sources */ = {isa = PBXBuildFile; fileRef = B756804C2D8834E300A72D43 /* LoginView.swift */; };
		B75680522D88353C00A72D43 /* TabBarView.swift in Sources */ = {isa = PBXBuildFile; fileRef = B75680512D88353C00A72D43 /* TabBarView.swift */; };
		B75680542D8838C000A72D43 /* LoginViewModel.swift in Sources */ = {isa = PBXBuildFile; fileRef = B75680532D8838C000A72D43 /* LoginViewModel.swift */; };
		B782650D2D85CD20008D79E5 /* Helpers.swift in Sources */ = {isa = PBXBuildFile; fileRef = B782650C2D85CD20008D79E5 /* Helpers.swift */; };
		B782650F2D85CD4F008D79E5 /* ManagerService.swift in Sources */ = {isa = PBXBuildFile; fileRef = B782650E2D85CD4F008D79E5 /* ManagerService.swift */; };
		B78265122D85CD90008D79E5 /* ManagerViewModel.swift in Sources */ = {isa = PBXBuildFile; fileRef = B78265112D85CD8F008D79E5 /* ManagerViewModel.swift */; };
		B78265162D85CDCD008D79E5 /* ManagerDTO.swift in Sources */ = {isa = PBXBuildFile; fileRef = B78265152D85CDCD008D79E5 /* ManagerDTO.swift */; };
		B78265182D85CDD6008D79E5 /* Manager.swift in Sources */ = {isa = PBXBuildFile; fileRef = B78265172D85CDD6008D79E5 /* Manager.swift */; };
		B782651A2D85CE04008D79E5 /* ManagerListView.swift in Sources */ = {isa = PBXBuildFile; fileRef = B78265192D85CE04008D79E5 /* ManagerListView.swift */; };
		B782651C2D85D64B008D79E5 /* ManagerUpdateView.swift in Sources */ = {isa = PBXBuildFile; fileRef = B782651B2D85D64B008D79E5 /* ManagerUpdateView.swift */; };
/* End PBXBuildFile section */

/* Begin PBXFileReference section */
		1D41349B2D888C9F008A0A05 /* GameCategory.swift */ = {isa = PBXFileReference; lastKnownFileType = sourcecode.swift; path = GameCategory.swift; sourceTree = "<group>"; };
		B719CBD92D81A85F002E4579 /* app-ios-awi.app */ = {isa = PBXFileReference; explicitFileType = wrapper.application; includeInIndex = 0; path = "app-ios-awi.app"; sourceTree = BUILT_PRODUCTS_DIR; };
		B719CBDC2D81A85F002E4579 /* app_ios_awiApp.swift */ = {isa = PBXFileReference; lastKnownFileType = sourcecode.swift; path = app_ios_awiApp.swift; sourceTree = "<group>"; };
		B719CBE02D81A861002E4579 /* Assets.xcassets */ = {isa = PBXFileReference; lastKnownFileType = folder.assetcatalog; path = Assets.xcassets; sourceTree = "<group>"; };
		B719CBE32D81A861002E4579 /* Preview Assets.xcassets */ = {isa = PBXFileReference; lastKnownFileType = folder.assetcatalog; path = "Preview Assets.xcassets"; sourceTree = "<group>"; };
		B756803F2D8826D700A72D43 /* DepositedGame.swift */ = {isa = PBXFileReference; lastKnownFileType = sourcecode.swift; path = DepositedGame.swift; sourceTree = "<group>"; };
		B75680432D88272600A72D43 /* HomeViewModel.swift */ = {isa = PBXFileReference; lastKnownFileType = sourcecode.swift; path = HomeViewModel.swift; sourceTree = "<group>"; };
		B75680462D88278300A72D43 /* HomeView.swift */ = {isa = PBXFileReference; lastKnownFileType = sourcecode.swift; path = HomeView.swift; sourceTree = "<group>"; };
		B756804C2D8834E300A72D43 /* LoginView.swift */ = {isa = PBXFileReference; lastKnownFileType = sourcecode.swift; path = LoginView.swift; sourceTree = "<group>"; };
		B75680512D88353C00A72D43 /* TabBarView.swift */ = {isa = PBXFileReference; lastKnownFileType = sourcecode.swift; path = TabBarView.swift; sourceTree = "<group>"; };
		B75680532D8838C000A72D43 /* LoginViewModel.swift */ = {isa = PBXFileReference; lastKnownFileType = sourcecode.swift; path = LoginViewModel.swift; sourceTree = "<group>"; };
		B782650C2D85CD20008D79E5 /* Helpers.swift */ = {isa = PBXFileReference; lastKnownFileType = sourcecode.swift; path = Helpers.swift; sourceTree = "<group>"; };
		B782650E2D85CD4F008D79E5 /* ManagerService.swift */ = {isa = PBXFileReference; lastKnownFileType = sourcecode.swift; path = ManagerService.swift; sourceTree = "<group>"; };
		B78265112D85CD8F008D79E5 /* ManagerViewModel.swift */ = {isa = PBXFileReference; lastKnownFileType = sourcecode.swift; path = ManagerViewModel.swift; sourceTree = "<group>"; };
		B78265152D85CDCD008D79E5 /* ManagerDTO.swift */ = {isa = PBXFileReference; lastKnownFileType = sourcecode.swift; path = ManagerDTO.swift; sourceTree = "<group>"; };
		B78265172D85CDD6008D79E5 /* Manager.swift */ = {isa = PBXFileReference; lastKnownFileType = sourcecode.swift; path = Manager.swift; sourceTree = "<group>"; };
		B78265192D85CE04008D79E5 /* ManagerListView.swift */ = {isa = PBXFileReference; lastKnownFileType = sourcecode.swift; path = ManagerListView.swift; sourceTree = "<group>"; };
		B782651B2D85D64B008D79E5 /* ManagerUpdateView.swift */ = {isa = PBXFileReference; lastKnownFileType = sourcecode.swift; path = ManagerUpdateView.swift; sourceTree = "<group>"; };
/* End PBXFileReference section */

/* Begin PBXFrameworksBuildPhase section */
		B719CBD62D81A85F002E4579 /* Frameworks */ = {
			isa = PBXFrameworksBuildPhase;
			buildActionMask = 2147483647;
			files = (
			);
			runOnlyForDeploymentPostprocessing = 0;
		};
/* End PBXFrameworksBuildPhase section */

/* Begin PBXGroup section */
		B719CBD02D81A85F002E4579 = {
			isa = PBXGroup;
			children = (
				B719CBDB2D81A85F002E4579 /* app-ios-awi */,
				B719CBDA2D81A85F002E4579 /* Products */,
			);
			sourceTree = "<group>";
		};
		B719CBDA2D81A85F002E4579 /* Products */ = {
			isa = PBXGroup;
			children = (
				B719CBD92D81A85F002E4579 /* app-ios-awi.app */,
			);
			name = Products;
			sourceTree = "<group>";
		};
		B719CBDB2D81A85F002E4579 /* app-ios-awi */ = {
			isa = PBXGroup;
			children = (
				B782650B2D85C739008D79E5 /* ViewModels */,
				B78265092D85C721008D79E5 /* Views */,
				B78265082D85C639008D79E5 /* Utilities */,
				B78265062D85C5FB008D79E5 /* Services */,
				B719CBDC2D81A85F002E4579 /* app_ios_awiApp.swift */,
				B78265042D85C5D5008D79E5 /* Models */,
				B719CBE02D81A861002E4579 /* Assets.xcassets */,
				B719CBE22D81A861002E4579 /* Preview Content */,
			);
			path = "app-ios-awi";
			sourceTree = "<group>";
		};
		B719CBE22D81A861002E4579 /* Preview Content */ = {
			isa = PBXGroup;
			children = (
				B719CBE32D81A861002E4579 /* Preview Assets.xcassets */,
			);
			path = "Preview Content";
			sourceTree = "<group>";
		};
		B75680452D88276500A72D43 /* Home */ = {
			isa = PBXGroup;
			children = (
				B75680462D88278300A72D43 /* HomeView.swift */,
			);
			path = Home;
			sourceTree = "<group>";
		};
		B756804B2D8834CF00A72D43 /* Login */ = {
			isa = PBXGroup;
			children = (
				B756804C2D8834E300A72D43 /* LoginView.swift */,
			);
			path = Login;
			sourceTree = "<group>";
		};
		B75680502D88352800A72D43 /* TabBar */ = {
			isa = PBXGroup;
			children = (
				B75680512D88353C00A72D43 /* TabBarView.swift */,
			);
			path = TabBar;
			sourceTree = "<group>";
		};
		B78265042D85C5D5008D79E5 /* Models */ = {
			isa = PBXGroup;
			children = (
				B78265142D85CDB9008D79E5 /* DTOs */,
				B78265132D85CD9D008D79E5 /* Entities */,
			);
			path = Models;
			sourceTree = "<group>";
		};
		B78265062D85C5FB008D79E5 /* Services */ = {
			isa = PBXGroup;
			children = (
				B782650E2D85CD4F008D79E5 /* ManagerService.swift */,
			);
			path = Services;
			sourceTree = "<group>";
		};
		B78265082D85C639008D79E5 /* Utilities */ = {
			isa = PBXGroup;
			children = (
				B782650C2D85CD20008D79E5 /* Helpers.swift */,
			);
			path = Utilities;
			sourceTree = "<group>";
		};
		B78265092D85C721008D79E5 /* Views */ = {
			isa = PBXGroup;
			children = (
				B75680502D88352800A72D43 /* TabBar */,
				B756804B2D8834CF00A72D43 /* Login */,
				B75680452D88276500A72D43 /* Home */,
				B78265102D85CD56008D79E5 /* Managers */,
			);
			path = Views;
			sourceTree = "<group>";
		};
		B782650B2D85C739008D79E5 /* ViewModels */ = {
			isa = PBXGroup;
			children = (
				B78265112D85CD8F008D79E5 /* ManagerViewModel.swift */,
				B75680432D88272600A72D43 /* HomeViewModel.swift */,
				B75680532D8838C000A72D43 /* LoginViewModel.swift */,
			);
			path = ViewModels;
			sourceTree = "<group>";
		};
		B78265102D85CD56008D79E5 /* Managers */ = {
			isa = PBXGroup;
			children = (
				B78265192D85CE04008D79E5 /* ManagerListView.swift */,
				B782651B2D85D64B008D79E5 /* ManagerUpdateView.swift */,
			);
			path = Managers;
			sourceTree = "<group>";
		};
		B78265132D85CD9D008D79E5 /* Entities */ = {
			isa = PBXGroup;
			children = (
				B78265172D85CDD6008D79E5 /* Manager.swift */,
				B756803F2D8826D700A72D43 /* DepositedGame.swift */,
				1D41349B2D888C9F008A0A05 /* GameCategory.swift */,
			);
			path = Entities;
			sourceTree = "<group>";
		};
		B78265142D85CDB9008D79E5 /* DTOs */ = {
			isa = PBXGroup;
			children = (
				B78265152D85CDCD008D79E5 /* ManagerDTO.swift */,
			);
			path = DTOs;
			sourceTree = "<group>";
		};
/* End PBXGroup section */

/* Begin PBXNativeTarget section */
		B719CBD82D81A85F002E4579 /* app-ios-awi */ = {
			isa = PBXNativeTarget;
			buildConfigurationList = B719CBE72D81A861002E4579 /* Build configuration list for PBXNativeTarget "app-ios-awi" */;
			buildPhases = (
				B719CBD52D81A85F002E4579 /* Sources */,
				B719CBD62D81A85F002E4579 /* Frameworks */,
				B719CBD72D81A85F002E4579 /* Resources */,
			);
			buildRules = (
			);
			dependencies = (
			);
			name = "app-ios-awi";
			packageProductDependencies = (
			);
			productName = "app-ios-awi";
			productReference = B719CBD92D81A85F002E4579 /* app-ios-awi.app */;
			productType = "com.apple.product-type.application";
		};
/* End PBXNativeTarget section */

/* Begin PBXProject section */
		B719CBD12D81A85F002E4579 /* Project object */ = {
			isa = PBXProject;
			attributes = {
				BuildIndependentTargetsInParallel = 1;
				LastSwiftUpdateCheck = 1420;
				LastUpgradeCheck = 1420;
				TargetAttributes = {
					B719CBD82D81A85F002E4579 = {
						CreatedOnToolsVersion = 14.2;
					};
				};
			};
			buildConfigurationList = B719CBD42D81A85F002E4579 /* Build configuration list for PBXProject "app-ios-awi" */;
			compatibilityVersion = "Xcode 14.0";
			developmentRegion = en;
			hasScannedForEncodings = 0;
			knownRegions = (
				en,
				Base,
			);
			mainGroup = B719CBD02D81A85F002E4579;
			packageReferences = (
			);
			productRefGroup = B719CBDA2D81A85F002E4579 /* Products */;
			projectDirPath = "";
			projectRoot = "";
			targets = (
				B719CBD82D81A85F002E4579 /* app-ios-awi */,
			);
		};
/* End PBXProject section */

/* Begin PBXResourcesBuildPhase section */
		B719CBD72D81A85F002E4579 /* Resources */ = {
			isa = PBXResourcesBuildPhase;
			buildActionMask = 2147483647;
			files = (
				B719CBE42D81A861002E4579 /* Preview Assets.xcassets in Resources */,
				B719CBE12D81A861002E4579 /* Assets.xcassets in Resources */,
			);
			runOnlyForDeploymentPostprocessing = 0;
		};
/* End PBXResourcesBuildPhase section */

/* Begin PBXSourcesBuildPhase section */
		B719CBD52D81A85F002E4579 /* Sources */ = {
			isa = PBXSourcesBuildPhase;
			buildActionMask = 2147483647;
			files = (
				B75680442D88272600A72D43 /* HomeViewModel.swift in Sources */,
				B75680402D8826D700A72D43 /* DepositedGame.swift in Sources */,
				B75680522D88353C00A72D43 /* TabBarView.swift in Sources */,
				1D41349C2D888C9F008A0A05 /* GameCategory.swift in Sources */,
				B78265162D85CDCD008D79E5 /* ManagerDTO.swift in Sources */,
				B782651A2D85CE04008D79E5 /* ManagerListView.swift in Sources */,
				B782650D2D85CD20008D79E5 /* Helpers.swift in Sources */,
				B782651C2D85D64B008D79E5 /* ManagerUpdateView.swift in Sources */,
				B75680542D8838C000A72D43 /* LoginViewModel.swift in Sources */,
				B78265122D85CD90008D79E5 /* ManagerViewModel.swift in Sources */,
				B78265182D85CDD6008D79E5 /* Manager.swift in Sources */,
				B75680472D88278300A72D43 /* HomeView.swift in Sources */,
				B719CBDD2D81A85F002E4579 /* app_ios_awiApp.swift in Sources */,
				B756804D2D8834E300A72D43 /* LoginView.swift in Sources */,
				B782650F2D85CD4F008D79E5 /* ManagerService.swift in Sources */,
			);
			runOnlyForDeploymentPostprocessing = 0;
		};
/* End PBXSourcesBuildPhase section */

/* Begin XCBuildConfiguration section */
		B719CBE52D81A861002E4579 /* Debug */ = {
			isa = XCBuildConfiguration;
			buildSettings = {
				ALWAYS_SEARCH_USER_PATHS = NO;
				CLANG_ANALYZER_NONNULL = YES;
				CLANG_ANALYZER_NUMBER_OBJECT_CONVERSION = YES_AGGRESSIVE;
				CLANG_CXX_LANGUAGE_STANDARD = "gnu++20";
				CLANG_ENABLE_MODULES = YES;
				CLANG_ENABLE_OBJC_ARC = YES;
				CLANG_ENABLE_OBJC_WEAK = YES;
				CLANG_WARN_BLOCK_CAPTURE_AUTORELEASING = YES;
				CLANG_WARN_BOOL_CONVERSION = YES;
				CLANG_WARN_COMMA = YES;
				CLANG_WARN_CONSTANT_CONVERSION = YES;
				CLANG_WARN_DEPRECATED_OBJC_IMPLEMENTATIONS = YES;
				CLANG_WARN_DIRECT_OBJC_ISA_USAGE = YES_ERROR;
				CLANG_WARN_DOCUMENTATION_COMMENTS = YES;
				CLANG_WARN_EMPTY_BODY = YES;
				CLANG_WARN_ENUM_CONVERSION = YES;
				CLANG_WARN_INFINITE_RECURSION = YES;
				CLANG_WARN_INT_CONVERSION = YES;
				CLANG_WARN_NON_LITERAL_NULL_CONVERSION = YES;
				CLANG_WARN_OBJC_IMPLICIT_RETAIN_SELF = YES;
				CLANG_WARN_OBJC_LITERAL_CONVERSION = YES;
				CLANG_WARN_OBJC_ROOT_CLASS = YES_ERROR;
				CLANG_WARN_QUOTED_INCLUDE_IN_FRAMEWORK_HEADER = YES;
				CLANG_WARN_RANGE_LOOP_ANALYSIS = YES;
				CLANG_WARN_STRICT_PROTOTYPES = YES;
				CLANG_WARN_SUSPICIOUS_MOVE = YES;
				CLANG_WARN_UNGUARDED_AVAILABILITY = YES_AGGRESSIVE;
				CLANG_WARN_UNREACHABLE_CODE = YES;
				CLANG_WARN__DUPLICATE_METHOD_MATCH = YES;
				COPY_PHASE_STRIP = NO;
				DEBUG_INFORMATION_FORMAT = dwarf;
				ENABLE_STRICT_OBJC_MSGSEND = YES;
				ENABLE_TESTABILITY = YES;
				GCC_C_LANGUAGE_STANDARD = gnu11;
				GCC_DYNAMIC_NO_PIC = NO;
				GCC_NO_COMMON_BLOCKS = YES;
				GCC_OPTIMIZATION_LEVEL = 0;
				GCC_PREPROCESSOR_DEFINITIONS = (
					"DEBUG=1",
					"$(inherited)",
				);
				GCC_WARN_64_TO_32_BIT_CONVERSION = YES;
				GCC_WARN_ABOUT_RETURN_TYPE = YES_ERROR;
				GCC_WARN_UNDECLARED_SELECTOR = YES;
				GCC_WARN_UNINITIALIZED_AUTOS = YES_AGGRESSIVE;
				GCC_WARN_UNUSED_FUNCTION = YES;
				GCC_WARN_UNUSED_VARIABLE = YES;
				IPHONEOS_DEPLOYMENT_TARGET = 16.2;
				MTL_ENABLE_DEBUG_INFO = INCLUDE_SOURCE;
				MTL_FAST_MATH = YES;
				ONLY_ACTIVE_ARCH = YES;
				SDKROOT = iphoneos;
				SWIFT_ACTIVE_COMPILATION_CONDITIONS = DEBUG;
				SWIFT_OPTIMIZATION_LEVEL = "-Onone";
			};
			name = Debug;
		};
		B719CBE62D81A861002E4579 /* Release */ = {
			isa = XCBuildConfiguration;
			buildSettings = {
				ALWAYS_SEARCH_USER_PATHS = NO;
				CLANG_ANALYZER_NONNULL = YES;
				CLANG_ANALYZER_NUMBER_OBJECT_CONVERSION = YES_AGGRESSIVE;
				CLANG_CXX_LANGUAGE_STANDARD = "gnu++20";
				CLANG_ENABLE_MODULES = YES;
				CLANG_ENABLE_OBJC_ARC = YES;
				CLANG_ENABLE_OBJC_WEAK = YES;
				CLANG_WARN_BLOCK_CAPTURE_AUTORELEASING = YES;
				CLANG_WARN_BOOL_CONVERSION = YES;
				CLANG_WARN_COMMA = YES;
				CLANG_WARN_CONSTANT_CONVERSION = YES;
				CLANG_WARN_DEPRECATED_OBJC_IMPLEMENTATIONS = YES;
				CLANG_WARN_DIRECT_OBJC_ISA_USAGE = YES_ERROR;
				CLANG_WARN_DOCUMENTATION_COMMENTS = YES;
				CLANG_WARN_EMPTY_BODY = YES;
				CLANG_WARN_ENUM_CONVERSION = YES;
				CLANG_WARN_INFINITE_RECURSION = YES;
				CLANG_WARN_INT_CONVERSION = YES;
				CLANG_WARN_NON_LITERAL_NULL_CONVERSION = YES;
				CLANG_WARN_OBJC_IMPLICIT_RETAIN_SELF = YES;
				CLANG_WARN_OBJC_LITERAL_CONVERSION = YES;
				CLANG_WARN_OBJC_ROOT_CLASS = YES_ERROR;
				CLANG_WARN_QUOTED_INCLUDE_IN_FRAMEWORK_HEADER = YES;
				CLANG_WARN_RANGE_LOOP_ANALYSIS = YES;
				CLANG_WARN_STRICT_PROTOTYPES = YES;
				CLANG_WARN_SUSPICIOUS_MOVE = YES;
				CLANG_WARN_UNGUARDED_AVAILABILITY = YES_AGGRESSIVE;
				CLANG_WARN_UNREACHABLE_CODE = YES;
				CLANG_WARN__DUPLICATE_METHOD_MATCH = YES;
				COPY_PHASE_STRIP = NO;
				DEBUG_INFORMATION_FORMAT = "dwarf-with-dsym";
				ENABLE_NS_ASSERTIONS = NO;
				ENABLE_STRICT_OBJC_MSGSEND = YES;
				GCC_C_LANGUAGE_STANDARD = gnu11;
				GCC_NO_COMMON_BLOCKS = YES;
				GCC_WARN_64_TO_32_BIT_CONVERSION = YES;
				GCC_WARN_ABOUT_RETURN_TYPE = YES_ERROR;
				GCC_WARN_UNDECLARED_SELECTOR = YES;
				GCC_WARN_UNINITIALIZED_AUTOS = YES_AGGRESSIVE;
				GCC_WARN_UNUSED_FUNCTION = YES;
				GCC_WARN_UNUSED_VARIABLE = YES;
				IPHONEOS_DEPLOYMENT_TARGET = 16.2;
				MTL_ENABLE_DEBUG_INFO = NO;
				MTL_FAST_MATH = YES;
				SDKROOT = iphoneos;
				SWIFT_COMPILATION_MODE = wholemodule;
				SWIFT_OPTIMIZATION_LEVEL = "-O";
				VALIDATE_PRODUCT = YES;
			};
			name = Release;
		};
		B719CBE82D81A861002E4579 /* Debug */ = {
			isa = XCBuildConfiguration;
			buildSettings = {
				ASSETCATALOG_COMPILER_APPICON_NAME = AppIcon;
				ASSETCATALOG_COMPILER_GLOBAL_ACCENT_COLOR_NAME = AccentColor;
				CODE_SIGN_STYLE = Automatic;
				CURRENT_PROJECT_VERSION = 1;
				DEVELOPMENT_ASSET_PATHS = "\"app-ios-awi/Preview Content\"";
				ENABLE_PREVIEWS = YES;
				GENERATE_INFOPLIST_FILE = YES;
				INFOPLIST_KEY_UIApplicationSceneManifest_Generation = YES;
				INFOPLIST_KEY_UIApplicationSupportsIndirectInputEvents = YES;
				INFOPLIST_KEY_UILaunchScreen_Generation = YES;
				INFOPLIST_KEY_UISupportedInterfaceOrientations_iPad = "UIInterfaceOrientationPortrait UIInterfaceOrientationPortraitUpsideDown UIInterfaceOrientationLandscapeLeft UIInterfaceOrientationLandscapeRight";
				INFOPLIST_KEY_UISupportedInterfaceOrientations_iPhone = "UIInterfaceOrientationPortrait UIInterfaceOrientationLandscapeLeft UIInterfaceOrientationLandscapeRight";
				LD_RUNPATH_SEARCH_PATHS = (
					"$(inherited)",
					"@executable_path/Frameworks",
				);
				MARKETING_VERSION = 1.0;
				PRODUCT_BUNDLE_IDENTIFIER = "polytech.app-ios-awi";
				PRODUCT_NAME = "$(TARGET_NAME)";
				SWIFT_EMIT_LOC_STRINGS = YES;
				SWIFT_VERSION = 5.0;
				TARGETED_DEVICE_FAMILY = "1,2";
			};
			name = Debug;
		};
		B719CBE92D81A861002E4579 /* Release */ = {
			isa = XCBuildConfiguration;
			buildSettings = {
				ASSETCATALOG_COMPILER_APPICON_NAME = AppIcon;
				ASSETCATALOG_COMPILER_GLOBAL_ACCENT_COLOR_NAME = AccentColor;
				CODE_SIGN_STYLE = Automatic;
				CURRENT_PROJECT_VERSION = 1;
				DEVELOPMENT_ASSET_PATHS = "\"app-ios-awi/Preview Content\"";
				ENABLE_PREVIEWS = YES;
				GENERATE_INFOPLIST_FILE = YES;
				INFOPLIST_KEY_UIApplicationSceneManifest_Generation = YES;
				INFOPLIST_KEY_UIApplicationSupportsIndirectInputEvents = YES;
				INFOPLIST_KEY_UILaunchScreen_Generation = YES;
				INFOPLIST_KEY_UISupportedInterfaceOrientations_iPad = "UIInterfaceOrientationPortrait UIInterfaceOrientationPortraitUpsideDown UIInterfaceOrientationLandscapeLeft UIInterfaceOrientationLandscapeRight";
				INFOPLIST_KEY_UISupportedInterfaceOrientations_iPhone = "UIInterfaceOrientationPortrait UIInterfaceOrientationLandscapeLeft UIInterfaceOrientationLandscapeRight";
				LD_RUNPATH_SEARCH_PATHS = (
					"$(inherited)",
					"@executable_path/Frameworks",
				);
				MARKETING_VERSION = 1.0;
				PRODUCT_BUNDLE_IDENTIFIER = "polytech.app-ios-awi";
				PRODUCT_NAME = "$(TARGET_NAME)";
				SWIFT_EMIT_LOC_STRINGS = YES;
				SWIFT_VERSION = 5.0;
				TARGETED_DEVICE_FAMILY = "1,2";
			};
			name = Release;
		};
/* End XCBuildConfiguration section */

/* Begin XCConfigurationList section */
		B719CBD42D81A85F002E4579 /* Build configuration list for PBXProject "app-ios-awi" */ = {
			isa = XCConfigurationList;
			buildConfigurations = (
				B719CBE52D81A861002E4579 /* Debug */,
				B719CBE62D81A861002E4579 /* Release */,
			);
			defaultConfigurationIsVisible = 0;
			defaultConfigurationName = Release;
		};
		B719CBE72D81A861002E4579 /* Build configuration list for PBXNativeTarget "app-ios-awi" */ = {
			isa = XCConfigurationList;
			buildConfigurations = (
				B719CBE82D81A861002E4579 /* Debug */,
				B719CBE92D81A861002E4579 /* Release */,
			);
			defaultConfigurationIsVisible = 0;
			defaultConfigurationName = Release;
		};
/* End XCConfigurationList section */
	};
	rootObject = B719CBD12D81A85F002E4579 /* Project object */;
}
